
Microsoft Visual Studio Solution File, Format Version 11.00
# Visual Studio 2010
Project("{FAE04EC0-301F-11D3-BF4B-00C04F79EFBC}") = "WConnectAgentLauncher", "WConnectAgentLauncher.csproj", "{65E2AA59-D6E5-4C36-BF2E-7C76D25F0D0D}"
EndProject
Global
	GlobalSection(SolutionConfigurationPlatforms) = preSolution
		Debug|Any CPU = Debug|Any CPU
		Release|Any CPU = Release|Any CPU
	EndGlobalSection
	GlobalSection(ProjectConfigurationPlatforms) = postSolution
		{65E2AA59-D6E5-4C36-BF2E-7C76D25F0D0D}.Debug|Any CPU.ActiveCfg = Debug|Any CPU
		{65E2AA59-D6E5-4C36-BF2E-7C76D25F0D0D}.Debug|Any CPU.Build.0 = Debug|Any CPU
		{65E2AA59-D6E5-4C36-BF2E-7C76D25F0D0D}.Release|Any CPU.ActiveCfg = Release|Any CPU
		{65E2AA59-D6E5-4C36-BF2E-7C76D25F0D0D}.Release|Any CPU.Build.0 = Release|Any CPU
	EndGlobalSection
	GlobalSection(SolutionProperties) = preSolution
		HideSolutionNode = FALSE
	EndGlobalSection
EndGlobal
