
Microsoft Visual Studio Solution File, Format Version 12.00
# Visual Studio 2015
Project("{FAE04EC0-301F-11D3-BF4B-00C04F79EFBC}") = "Microsoft.BridgeForAndroid.Marketplace.ApkConverter.Portable", "Microsoft.BridgeForAndroid.Marketplace.ApkConverter.Portable.csproj", "{77C44636-B3EB-4BDF-9D3B-8496A4A2C4D1}"
EndProject
Global
	GlobalSection(SolutionConfigurationPlatforms) = preSolution
		Debug|Any CPU = Debug|Any CPU
		Release|Any CPU = Release|Any CPU
	EndGlobalSection
	GlobalSection(ProjectConfigurationPlatforms) = postSolution
		{77C44636-B3EB-4BDF-9D3B-8496A4A2C4D1}.Debug|Any CPU.ActiveCfg = Debug|Any CPU
		{77C44636-B3EB-4BDF-9D3B-8496A4A2C4D1}.Debug|Any CPU.Build.0 = Debug|Any CPU
		{77C44636-B3EB-4BDF-9D3B-8496A4A2C4D1}.Release|Any CPU.ActiveCfg = Release|Any CPU
		{77C44636-B3EB-4BDF-9D3B-8496A4A2C4D1}.Release|Any CPU.Build.0 = Release|Any CPU
	EndGlobalSection
	GlobalSection(SolutionProperties) = preSolution
		HideSolutionNode = FALSE
	EndGlobalSection
EndGlobal
