
Microsoft Visual Studio Solution File, Format Version 12.00
# Visual Studio 2015
Project("{FAE04EC0-301F-11D3-BF4B-00C04F79EFBC}") = "Microsoft.BridgeForAndroid.Marketplace.Utils.Interfaces.Portable", "Microsoft.BridgeForAndroid.Marketplace.Utils.Interfaces.Portable.csproj", "{A6FB3BFC-136A-45B4-9492-57117EB38193}"
EndProject
Global
	GlobalSection(SolutionConfigurationPlatforms) = preSolution
		Debug|Any CPU = Debug|Any CPU
		Release|Any CPU = Release|Any CPU
	EndGlobalSection
	GlobalSection(ProjectConfigurationPlatforms) = postSolution
		{A6FB3BFC-136A-45B4-9492-57117EB38193}.Debug|Any CPU.ActiveCfg = Debug|Any CPU
		{A6FB3BFC-136A-45B4-9492-57117EB38193}.Debug|Any CPU.Build.0 = Debug|Any CPU
		{A6FB3BFC-136A-45B4-9492-57117EB38193}.Release|Any CPU.ActiveCfg = Release|Any CPU
		{A6FB3BFC-136A-45B4-9492-57117EB38193}.Release|Any CPU.Build.0 = Release|Any CPU
	EndGlobalSection
	GlobalSection(SolutionProperties) = preSolution
		HideSolutionNode = FALSE
	EndGlobalSection
EndGlobal
